// !$*UTF8*$!
{
	archiveVersion = 1;
	classes = {
	};
	objectVersion = 55;
	objects = {

/* Begin PBXBuildFile section */
		DD30B6BF28CF9E850030A13A /* AppDelegate.swift in Sources */ = {isa = PBXBuildFile; fileRef = DD30B6BE28CF9E850030A13A /* AppDelegate.swift */; };
		DD30B6C128CF9E850030A13A /* SceneDelegate.swift in Sources */ = {isa = PBXBuildFile; fileRef = DD30B6C028CF9E850030A13A /* SceneDelegate.swift */; };
		DD30B6C328CF9E850030A13A /* ViewController.swift in Sources */ = {isa = PBXBuildFile; fileRef = DD30B6C228CF9E850030A13A /* ViewController.swift */; };
		DD30B6C628CF9E850030A13A /* Main.storyboard in Resources */ = {isa = PBXBuildFile; fileRef = DD30B6C428CF9E850030A13A /* Main.storyboard */; };
		DD30B6C828CF9E880030A13A /* Assets.xcassets in Resources */ = {isa = PBXBuildFile; fileRef = DD30B6C728CF9E880030A13A /* Assets.xcassets */; };
		DD30B6CB28CF9E880030A13A /* LaunchScreen.storyboard in Resources */ = {isa = PBXBuildFile; fileRef = DD30B6C928CF9E880030A13A /* LaunchScreen.storyboard */; };
		DD30B6DB28D1A6C80030A13A /* PerestanovkiVC.swift in Sources */ = {isa = PBXBuildFile; fileRef = DD30B6DA28D1A6C80030A13A /* PerestanovkiVC.swift */; };
		DD30B6DD28D1A6D90030A13A /* SochetaniyaVC.swift in Sources */ = {isa = PBXBuildFile; fileRef = DD30B6DC28D1A6D90030A13A /* SochetaniyaVC.swift */; };
		DD30B6DF28D1A6EB0030A13A /* RazmesheniyaVC.swift in Sources */ = {isa = PBXBuildFile; fileRef = DD30B6DE28D1A6EB0030A13A /* RazmesheniyaVC.swift */; };
		DD30B6E328D24AFC0030A13A /* MainViewController.swift in Sources */ = {isa = PBXBuildFile; fileRef = DD30B6E228D24AFC0030A13A /* MainViewController.swift */; };
/* End PBXBuildFile section */

/* Begin PBXFileReference section */
		DD30B6BB28CF9E850030A13A /* Перестановочки.app */ = {isa = PBXFileReference; explicitFileType = wrapper.application; includeInIndex = 0; path = "Перестановочки.app"; sourceTree = BUILT_PRODUCTS_DIR; };
		DD30B6BE28CF9E850030A13A /* AppDelegate.swift */ = {isa = PBXFileReference; lastKnownFileType = sourcecode.swift; path = AppDelegate.swift; sourceTree = "<group>"; };
		DD30B6C028CF9E850030A13A /* SceneDelegate.swift */ = {isa = PBXFileReference; lastKnownFileType = sourcecode.swift; path = SceneDelegate.swift; sourceTree = "<group>"; };
		DD30B6C228CF9E850030A13A /* ViewController.swift */ = {isa = PBXFileReference; lastKnownFileType = sourcecode.swift; path = ViewController.swift; sourceTree = "<group>"; };
		DD30B6C528CF9E850030A13A /* Base */ = {isa = PBXFileReference; lastKnownFileType = file.storyboard; name = Base; path = Base.lproj/Main.storyboard; sourceTree = "<group>"; };
		DD30B6C728CF9E880030A13A /* Assets.xcassets */ = {isa = PBXFileReference; lastKnownFileType = folder.assetcatalog; path = Assets.xcassets; sourceTree = "<group>"; };
		DD30B6CA28CF9E880030A13A /* Base */ = {isa = PBXFileReference; lastKnownFileType = file.storyboard; name = Base; path = Base.lproj/LaunchScreen.storyboard; sourceTree = "<group>"; };
		DD30B6CC28CF9E880030A13A /* Info.plist */ = {isa = PBXFileReference; lastKnownFileType = text.plist.xml; path = Info.plist; sourceTree = "<group>"; };
		DD30B6DA28D1A6C80030A13A /* PerestanovkiVC.swift */ = {isa = PBXFileReference; lastKnownFileType = sourcecode.swift; path = PerestanovkiVC.swift; sourceTree = "<group>"; };
		DD30B6DC28D1A6D90030A13A /* SochetaniyaVC.swift */ = {isa = PBXFileReference; lastKnownFileType = sourcecode.swift; path = SochetaniyaVC.swift; sourceTree = "<group>"; };
		DD30B6DE28D1A6EB0030A13A /* RazmesheniyaVC.swift */ = {isa = PBXFileReference; lastKnownFileType = sourcecode.swift; path = RazmesheniyaVC.swift; sourceTree = "<group>"; };
		DD30B6E228D24AFC0030A13A /* MainViewController.swift */ = {isa = PBXFileReference; lastKnownFileType = sourcecode.swift; path = MainViewController.swift; sourceTree = "<group>"; };
/* End PBXFileReference section */

/* Begin PBXFrameworksBuildPhase section */
		DD30B6B828CF9E850030A13A /* Frameworks */ = {
			isa = PBXFrameworksBuildPhase;
			buildActionMask = 2147483647;
			files = (
			);
			runOnlyForDeploymentPostprocessing = 0;
		};
/* End PBXFrameworksBuildPhase section */

/* Begin PBXGroup section */
		DD30B6B228CF9E850030A13A = {
			isa = PBXGroup;
			children = (
				DD30B6BD28CF9E850030A13A /* Перестановочки */,
				DD30B6BC28CF9E850030A13A /* Products */,
			);
			sourceTree = "<group>";
		};
		DD30B6BC28CF9E850030A13A /* Products */ = {
			isa = PBXGroup;
			children = (
				DD30B6BB28CF9E850030A13A /* Перестановочки.app */,
			);
			name = Products;
			sourceTree = "<group>";
		};
		DD30B6BD28CF9E850030A13A /* Перестановочки */ = {
			isa = PBXGroup;
			children = (
				DD30B6BE28CF9E850030A13A /* AppDelegate.swift */,
				DD30B6C028CF9E850030A13A /* SceneDelegate.swift */,
				DD30B6C228CF9E850030A13A /* ViewController.swift */,
				DD30B6C428CF9E850030A13A /* Main.storyboard */,
				DD30B6E228D24AFC0030A13A /* MainViewController.swift */,
				DD30B6C728CF9E880030A13A /* Assets.xcassets */,
				DD30B6C928CF9E880030A13A /* LaunchScreen.storyboard */,
				DD30B6CC28CF9E880030A13A /* Info.plist */,
				DD30B6DA28D1A6C80030A13A /* PerestanovkiVC.swift */,
				DD30B6DC28D1A6D90030A13A /* SochetaniyaVC.swift */,
				DD30B6DE28D1A6EB0030A13A /* RazmesheniyaVC.swift */,
			);
			path = "Перестановочки";
			sourceTree = "<group>";
		};
/* End PBXGroup section */

/* Begin PBXNativeTarget section */
		DD30B6BA28CF9E850030A13A /* Перестановочки */ = {
			isa = PBXNativeTarget;
			buildConfigurationList = DD30B6CF28CF9E880030A13A /* Build configuration list for PBXNativeTarget "Перестановочки" */;
			buildPhases = (
				DD30B6B728CF9E850030A13A /* Sources */,
				DD30B6B828CF9E850030A13A /* Frameworks */,
				DD30B6B928CF9E850030A13A /* Resources */,
			);
			buildRules = (
			);
			dependencies = (
			);
			name = "Перестановочки";
			productName = "Перестановочки";
			productReference = DD30B6BB28CF9E850030A13A /* Перестановочки.app */;
			productType = "com.apple.product-type.application";
		};
/* End PBXNativeTarget section */

/* Begin PBXProject section */
		DD30B6B328CF9E850030A13A /* Project object */ = {
			isa = PBXProject;
			attributes = {
				BuildIndependentTargetsInParallel = 1;
				LastSwiftUpdateCheck = 1340;
				LastUpgradeCheck = 1340;
				TargetAttributes = {
					DD30B6BA28CF9E850030A13A = {
						CreatedOnToolsVersion = 13.4.1;
					};
				};
			};
			buildConfigurationList = DD30B6B628CF9E850030A13A /* Build configuration list for PBXProject "Перестановочки" */;
			compatibilityVersion = "Xcode 13.0";
			developmentRegion = en;
			hasScannedForEncodings = 0;
			knownRegions = (
				en,
				Base,
			);
			mainGroup = DD30B6B228CF9E850030A13A;
			productRefGroup = DD30B6BC28CF9E850030A13A /* Products */;
			projectDirPath = "";
			projectRoot = "";
			targets = (
				DD30B6BA28CF9E850030A13A /* Перестановочки */,
			);
		};
/* End PBXProject section */

/* Begin PBXResourcesBuildPhase section */
		DD30B6B928CF9E850030A13A /* Resources */ = {
			isa = PBXResourcesBuildPhase;
			buildActionMask = 2147483647;
			files = (
				DD30B6CB28CF9E880030A13A /* LaunchScreen.storyboard in Resources */,
				DD30B6C828CF9E880030A13A /* Assets.xcassets in Resources */,
				DD30B6C628CF9E850030A13A /* Main.storyboard in Resources */,
			);
			runOnlyForDeploymentPostprocessing = 0;
		};
/* End PBXResourcesBuildPhase section */

/* Begin PBXSourcesBuildPhase section */
		DD30B6B728CF9E850030A13A /* Sources */ = {
			isa = PBXSourcesBuildPhase;
			buildActionMask = 2147483647;
			files = (
				DD30B6DD28D1A6D90030A13A /* SochetaniyaVC.swift in Sources */,
				DD30B6C328CF9E850030A13A /* ViewController.swift in Sources */,
				DD30B6DF28D1A6EB0030A13A /* RazmesheniyaVC.swift in Sources */,
				DD30B6BF28CF9E850030A13A /* AppDelegate.swift in Sources */,
				DD30B6C128CF9E850030A13A /* SceneDelegate.swift in Sources */,
				DD30B6DB28D1A6C80030A13A /* PerestanovkiVC.swift in Sources */,
				DD30B6E328D24AFC0030A13A /* MainViewController.swift in Sources */,
			);
			runOnlyForDeploymentPostprocessing = 0;
		};
/* End PBXSourcesBuildPhase section */

/* Begin PBXVariantGroup section */
		DD30B6C428CF9E850030A13A /* Main.storyboard */ = {
			isa = PBXVariantGroup;
			children = (
				DD30B6C528CF9E850030A13A /* Base */,
			);
			name = Main.storyboard;
			sourceTree = "<group>";
		};
		DD30B6C928CF9E880030A13A /* LaunchScreen.storyboard */ = {
			isa = PBXVariantGroup;
			children = (
				DD30B6CA28CF9E880030A13A /* Base */,
			);
			name = LaunchScreen.storyboard;
			sourceTree = "<group>";
		};
/* End PBXVariantGroup section */

/* Begin XCBuildConfiguration section */
		DD30B6CD28CF9E880030A13A /* Debug */ = {
			isa = XCBuildConfiguration;
			buildSettings = {
				ALWAYS_SEARCH_USER_PATHS = NO;
				CLANG_ANALYZER_NONNULL = YES;
				CLANG_ANALYZER_NUMBER_OBJECT_CONVERSION = YES_AGGRESSIVE;
				CLANG_CXX_LANGUAGE_STANDARD = "gnu++17";
				CLANG_ENABLE_MODULES = YES;
				CLANG_ENABLE_OBJC_ARC = YES;
				CLANG_ENABLE_OBJC_WEAK = YES;
				CLANG_WARN_BLOCK_CAPTURE_AUTORELEASING = YES;
				CLANG_WARN_BOOL_CONVERSION = YES;
				CLANG_WARN_COMMA = YES;
				CLANG_WARN_CONSTANT_CONVERSION = YES;
				CLANG_WARN_DEPRECATED_OBJC_IMPLEMENTATIONS = YES;
				CLANG_WARN_DIRECT_OBJC_ISA_USAGE = YES_ERROR;
				CLANG_WARN_DOCUMENTATION_COMMENTS = YES;
				CLANG_WARN_EMPTY_BODY = YES;
				CLANG_WARN_ENUM_CONVERSION = YES;
				CLANG_WARN_INFINITE_RECURSION = YES;
				CLANG_WARN_INT_CONVERSION = YES;
				CLANG_WARN_NON_LITERAL_NULL_CONVERSION = YES;
				CLANG_WARN_OBJC_IMPLICIT_RETAIN_SELF = YES;
				CLANG_WARN_OBJC_LITERAL_CONVERSION = YES;
				CLANG_WARN_OBJC_ROOT_CLASS = YES_ERROR;
				CLANG_WARN_QUOTED_INCLUDE_IN_FRAMEWORK_HEADER = YES;
				CLANG_WARN_RANGE_LOOP_ANALYSIS = YES;
				CLANG_WARN_STRICT_PROTOTYPES = YES;
				CLANG_WARN_SUSPICIOUS_MOVE = YES;
				CLANG_WARN_UNGUARDED_AVAILABILITY = YES_AGGRESSIVE;
				CLANG_WARN_UNREACHABLE_CODE = YES;
				CLANG_WARN__DUPLICATE_METHOD_MATCH = YES;
				COPY_PHASE_STRIP = NO;
				DEBUG_INFORMATION_FORMAT = dwarf;
				ENABLE_STRICT_OBJC_MSGSEND = YES;
				ENABLE_TESTABILITY = YES;
				GCC_C_LANGUAGE_STANDARD = gnu11;
				GCC_DYNAMIC_NO_PIC = NO;
				GCC_NO_COMMON_BLOCKS = YES;
				GCC_OPTIMIZATION_LEVEL = 0;
				GCC_PREPROCESSOR_DEFINITIONS = (
					"DEBUG=1",
					"$(inherited)",
				);
				GCC_WARN_64_TO_32_BIT_CONVERSION = YES;
				GCC_WARN_ABOUT_RETURN_TYPE = YES_ERROR;
				GCC_WARN_UNDECLARED_SELECTOR = YES;
				GCC_WARN_UNINITIALIZED_AUTOS = YES_AGGRESSIVE;
				GCC_WARN_UNUSED_FUNCTION = YES;
				GCC_WARN_UNUSED_VARIABLE = YES;
				IPHONEOS_DEPLOYMENT_TARGET = 15.5;
				MTL_ENABLE_DEBUG_INFO = INCLUDE_SOURCE;
				MTL_FAST_MATH = YES;
				ONLY_ACTIVE_ARCH = YES;
				SDKROOT = iphoneos;
				SWIFT_ACTIVE_COMPILATION_CONDITIONS = DEBUG;
				SWIFT_OPTIMIZATION_LEVEL = "-Onone";
			};
			name = Debug;
		};
		DD30B6CE28CF9E880030A13A /* Release */ = {
			isa = XCBuildConfiguration;
			buildSettings = {
				ALWAYS_SEARCH_USER_PATHS = NO;
				CLANG_ANALYZER_NONNULL = YES;
				CLANG_ANALYZER_NUMBER_OBJECT_CONVERSION = YES_AGGRESSIVE;
				CLANG_CXX_LANGUAGE_STANDARD = "gnu++17";
				CLANG_ENABLE_MODULES = YES;
				CLANG_ENABLE_OBJC_ARC = YES;
				CLANG_ENABLE_OBJC_WEAK = YES;
				CLANG_WARN_BLOCK_CAPTURE_AUTORELEASING = YES;
				CLANG_WARN_BOOL_CONVERSION = YES;
				CLANG_WARN_COMMA = YES;
				CLANG_WARN_CONSTANT_CONVERSION = YES;
				CLANG_WARN_DEPRECATED_OBJC_IMPLEMENTATIONS = YES;
				CLANG_WARN_DIRECT_OBJC_ISA_USAGE = YES_ERROR;
				CLANG_WARN_DOCUMENTATION_COMMENTS = YES;
				CLANG_WARN_EMPTY_BODY = YES;
				CLANG_WARN_ENUM_CONVERSION = YES;
				CLANG_WARN_INFINITE_RECURSION = YES;
				CLANG_WARN_INT_CONVERSION = YES;
				CLANG_WARN_NON_LITERAL_NULL_CONVERSION = YES;
				CLANG_WARN_OBJC_IMPLICIT_RETAIN_SELF = YES;
				CLANG_WARN_OBJC_LITERAL_CONVERSION = YES;
				CLANG_WARN_OBJC_ROOT_CLASS = YES_ERROR;
				CLANG_WARN_QUOTED_INCLUDE_IN_FRAMEWORK_HEADER = YES;
				CLANG_WARN_RANGE_LOOP_ANALYSIS = YES;
				CLANG_WARN_STRICT_PROTOTYPES = YES;
				CLANG_WARN_SUSPICIOUS_MOVE = YES;
				CLANG_WARN_UNGUARDED_AVAILABILITY = YES_AGGRESSIVE;
				CLANG_WARN_UNREACHABLE_CODE = YES;
				CLANG_WARN__DUPLICATE_METHOD_MATCH = YES;
				COPY_PHASE_STRIP = NO;
				DEBUG_INFORMATION_FORMAT = "dwarf-with-dsym";
				ENABLE_NS_ASSERTIONS = NO;
				ENABLE_STRICT_OBJC_MSGSEND = YES;
				GCC_C_LANGUAGE_STANDARD = gnu11;
				GCC_NO_COMMON_BLOCKS = YES;
				GCC_WARN_64_TO_32_BIT_CONVERSION = YES;
				GCC_WARN_ABOUT_RETURN_TYPE = YES_ERROR;
				GCC_WARN_UNDECLARED_SELECTOR = YES;
				GCC_WARN_UNINITIALIZED_AUTOS = YES_AGGRESSIVE;
				GCC_WARN_UNUSED_FUNCTION = YES;
				GCC_WARN_UNUSED_VARIABLE = YES;
				IPHONEOS_DEPLOYMENT_TARGET = 15.5;
				MTL_ENABLE_DEBUG_INFO = NO;
				MTL_FAST_MATH = YES;
				SDKROOT = iphoneos;
				SWIFT_COMPILATION_MODE = wholemodule;
				SWIFT_OPTIMIZATION_LEVEL = "-O";
				VALIDATE_PRODUCT = YES;
			};
			name = Release;
		};
		DD30B6D028CF9E880030A13A /* Debug */ = {
			isa = XCBuildConfiguration;
			buildSettings = {
				ASSETCATALOG_COMPILER_APPICON_NAME = AppIcon;
				ASSETCATALOG_COMPILER_GLOBAL_ACCENT_COLOR_NAME = AccentColor;
				ASSETCATALOG_COMPILER_INCLUDE_ALL_APPICON_ASSETS = NO;
				CODE_SIGN_STYLE = Automatic;
				CURRENT_PROJECT_VERSION = 1;
				DEVELOPMENT_TEAM = VWZ3LD85XN;
				GENERATE_INFOPLIST_FILE = YES;
				INFOPLIST_FILE = "Перестановочки/Info.plist";
				INFOPLIST_KEY_UIApplicationSupportsIndirectInputEvents = YES;
				INFOPLIST_KEY_UILaunchStoryboardName = LaunchScreen;
				INFOPLIST_KEY_UIMainStoryboardFile = Main;
				INFOPLIST_KEY_UISupportedInterfaceOrientations_iPad = "UIInterfaceOrientationPortrait UIInterfaceOrientationPortraitUpsideDown UIInterfaceOrientationLandscapeLeft UIInterfaceOrientationLandscapeRight";
				INFOPLIST_KEY_UISupportedInterfaceOrientations_iPhone = "UIInterfaceOrientationPortrait UIInterfaceOrientationLandscapeLeft UIInterfaceOrientationLandscapeRight";
				LD_RUNPATH_SEARCH_PATHS = (
					"$(inherited)",
					"@executable_path/Frameworks",
				);
				MARKETING_VERSION = 1.0;
				PRODUCT_BUNDLE_IDENTIFIER = "none.--------------";
				PRODUCT_NAME = "$(TARGET_NAME)";
				SWIFT_EMIT_LOC_STRINGS = YES;
				SWIFT_VERSION = 5.0;
				TARGETED_DEVICE_FAMILY = 1;
			};
			name = Debug;
		};
		DD30B6D128CF9E880030A13A /* Release */ = {
			isa = XCBuildConfiguration;
			buildSettings = {
				ASSETCATALOG_COMPILER_APPICON_NAME = AppIcon;
				ASSETCATALOG_COMPILER_GLOBAL_ACCENT_COLOR_NAME = AccentColor;
				ASSETCATALOG_COMPILER_INCLUDE_ALL_APPICON_ASSETS = NO;
				CODE_SIGN_STYLE = Automatic;
				CURRENT_PROJECT_VERSION = 1;
				DEVELOPMENT_TEAM = VWZ3LD85XN;
				GENERATE_INFOPLIST_FILE = YES;
				INFOPLIST_FILE = "Перестановочки/Info.plist";
				INFOPLIST_KEY_UIApplicationSupportsIndirectInputEvents = YES;
				INFOPLIST_KEY_UILaunchStoryboardName = LaunchScreen;
				INFOPLIST_KEY_UIMainStoryboardFile = Main;
				INFOPLIST_KEY_UISupportedInterfaceOrientations_iPad = "UIInterfaceOrientationPortrait UIInterfaceOrientationPortraitUpsideDown UIInterfaceOrientationLandscapeLeft UIInterfaceOrientationLandscapeRight";
				INFOPLIST_KEY_UISupportedInterfaceOrientations_iPhone = "UIInterfaceOrientationPortrait UIInterfaceOrientationLandscapeLeft UIInterfaceOrientationLandscapeRight";
				LD_RUNPATH_SEARCH_PATHS = (
					"$(inherited)",
					"@executable_path/Frameworks",
				);
				MARKETING_VERSION = 1.0;
				PRODUCT_BUNDLE_IDENTIFIER = "none.--------------";
				PRODUCT_NAME = "$(TARGET_NAME)";
				SWIFT_EMIT_LOC_STRINGS = YES;
				SWIFT_VERSION = 5.0;
				TARGETED_DEVICE_FAMILY = 1;
			};
			name = Release;
		};
/* End XCBuildConfiguration section */

/* Begin XCConfigurationList section */
		DD30B6B628CF9E850030A13A /* Build configuration list for PBXProject "Перестановочки" */ = {
			isa = XCConfigurationList;
			buildConfigurations = (
				DD30B6CD28CF9E880030A13A /* Debug */,
				DD30B6CE28CF9E880030A13A /* Release */,
			);
			defaultConfigurationIsVisible = 0;
			defaultConfigurationName = Release;
		};
		DD30B6CF28CF9E880030A13A /* Build configuration list for PBXNativeTarget "Перестановочки" */ = {
			isa = XCConfigurationList;
			buildConfigurations = (
				DD30B6D028CF9E880030A13A /* Debug */,
				DD30B6D128CF9E880030A13A /* Release */,
			);
			defaultConfigurationIsVisible = 0;
			defaultConfigurationName = Release;
		};
/* End XCConfigurationList section */
	};
	rootObject = DD30B6B328CF9E850030A13A /* Project object */;
}
